
Microsoft Visual Studio Solution File, Format Version 12.00
# Visual Studio 15
VisualStudioVersion = 15.0.28010.2048
MinimumVisualStudioVersion = 10.0.40219.1
Project("{FAE04EC0-301F-11D3-BF4B-00C04F79EFBC}") = "ADO_Giris", "ADO_Giris\ADO_Giris.csproj", "{2F8F8C83-E0C2-47B0-BF66-3E02A57D43EE}"
EndProject
Global
	GlobalSection(SolutionConfigurationPlatforms) = preSolution
		Debug|Any CPU = Debug|Any CPU
		Release|Any CPU = Release|Any CPU
	EndGlobalSection
	GlobalSection(ProjectConfigurationPlatforms) = postSolution
		{2F8F8C83-E0C2-47B0-BF66-3E02A57D43EE}.Debug|Any CPU.ActiveCfg = Debug|Any CPU
		{2F8F8C83-E0C2-47B0-BF66-3E02A57D43EE}.Debug|Any CPU.Build.0 = Debug|Any CPU
		{2F8F8C83-E0C2-47B0-BF66-3E02A57D43EE}.Release|Any CPU.ActiveCfg = Release|Any CPU
		{2F8F8C83-E0C2-47B0-BF66-3E02A57D43EE}.Release|Any CPU.Build.0 = Release|Any CPU
	EndGlobalSection
	GlobalSection(SolutionProperties) = preSolution
		HideSolutionNode = FALSE
	EndGlobalSection
	GlobalSection(ExtensibilityGlobals) = postSolution
		SolutionGuid = {3E6E8C18-E45B-4D8C-9E19-93412CEF5BB2}
	EndGlobalSection
EndGlobal
